// !$*UTF8*$!
{
	archiveVersion = 1;
	classes = {
	};
	objectVersion = 56;
	objects = {

/* Begin PBXBuildFile section */
		52C75AFF29729CF100843982 /* YorumDuzenleVC.swift in Sources */ = {isa = PBXBuildFile; fileRef = 52C75AFE29729CF100843982 /* YorumDuzenleVC.swift */; };
		B42ADA3C296400F9009E064F /* YorumlarVC.swift in Sources */ = {isa = PBXBuildFile; fileRef = B42ADA3B296400F9009E064F /* YorumlarVC.swift */; };
		B42ADA3E29640D8C009E064F /* YorumCell.swift in Sources */ = {isa = PBXBuildFile; fileRef = B42ADA3D29640D8C009E064F /* YorumCell.swift */; };
		B42ADA40296452C4009E064F /* Yorum.swift in Sources */ = {isa = PBXBuildFile; fileRef = B42ADA3F296452C4009E064F /* Yorum.swift */; };
		B4343A8829599C7B0048CB3E /* AppDelegate.swift in Sources */ = {isa = PBXBuildFile; fileRef = B4343A8729599C7B0048CB3E /* AppDelegate.swift */; };
		B4343A8A29599C7B0048CB3E /* SceneDelegate.swift in Sources */ = {isa = PBXBuildFile; fileRef = B4343A8929599C7B0048CB3E /* SceneDelegate.swift */; };
		B4343A8C29599C7B0048CB3E /* AnaVC.swift in Sources */ = {isa = PBXBuildFile; fileRef = B4343A8B29599C7B0048CB3E /* AnaVC.swift */; };
		B4343A8F29599C7B0048CB3E /* Main.storyboard in Resources */ = {isa = PBXBuildFile; fileRef = B4343A8D29599C7B0048CB3E /* Main.storyboard */; };
		B4343A9129599C7D0048CB3E /* Assets.xcassets in Resources */ = {isa = PBXBuildFile; fileRef = B4343A9029599C7D0048CB3E /* Assets.xcassets */; };
		B4343A9429599C7D0048CB3E /* LaunchScreen.storyboard in Resources */ = {isa = PBXBuildFile; fileRef = B4343A9229599C7D0048CB3E /* LaunchScreen.storyboard */; };
		B4343A9C29599D540048CB3E /* GoogleService-Info.plist in Resources */ = {isa = PBXBuildFile; fileRef = B4343A9B29599D540048CB3E /* GoogleService-Info.plist */; };
		B4343A9F2959B2580048CB3E /* FirebaseAnalytics in Frameworks */ = {isa = PBXBuildFile; productRef = B4343A9E2959B2580048CB3E /* FirebaseAnalytics */; };
		B4343AA12959B2580048CB3E /* FirebaseAnalyticsOnDeviceConversion in Frameworks */ = {isa = PBXBuildFile; productRef = B4343AA02959B2580048CB3E /* FirebaseAnalyticsOnDeviceConversion */; };
		B4343AA32959B2580048CB3E /* FirebaseAnalyticsSwift in Frameworks */ = {isa = PBXBuildFile; productRef = B4343AA22959B2580048CB3E /* FirebaseAnalyticsSwift */; };
		B4343AA52959B2580048CB3E /* FirebaseAnalyticsWithoutAdIdSupport in Frameworks */ = {isa = PBXBuildFile; productRef = B4343AA42959B2580048CB3E /* FirebaseAnalyticsWithoutAdIdSupport */; };
		B4343AA72959B2580048CB3E /* FirebaseAuth in Frameworks */ = {isa = PBXBuildFile; productRef = B4343AA62959B2580048CB3E /* FirebaseAuth */; };
		B4343AA92959B2580048CB3E /* FirebaseAuthCombine-Community in Frameworks */ = {isa = PBXBuildFile; productRef = B4343AA82959B2580048CB3E /* FirebaseAuthCombine-Community */; };
		B4343AAB2959B2580048CB3E /* FirebaseFirestore in Frameworks */ = {isa = PBXBuildFile; productRef = B4343AAA2959B2580048CB3E /* FirebaseFirestore */; };
		B4343AAD2959B2580048CB3E /* FirebaseFirestoreCombine-Community in Frameworks */ = {isa = PBXBuildFile; productRef = B4343AAC2959B2580048CB3E /* FirebaseFirestoreCombine-Community */; };
		B4343AAF2959B2580048CB3E /* FirebaseFirestoreSwift in Frameworks */ = {isa = PBXBuildFile; productRef = B4343AAE2959B2580048CB3E /* FirebaseFirestoreSwift */; };
		B4343AB12959B2580048CB3E /* FirebaseStorage in Frameworks */ = {isa = PBXBuildFile; productRef = B4343AB02959B2580048CB3E /* FirebaseStorage */; };
		B4343AB32959B2580048CB3E /* FirebaseStorageCombine-Community in Frameworks */ = {isa = PBXBuildFile; productRef = B4343AB22959B2580048CB3E /* FirebaseStorageCombine-Community */; };
		B4E07653295EC78A00D957A0 /* FikirEkleVC.swift in Sources */ = {isa = PBXBuildFile; fileRef = B4E07652295EC78A00D957A0 /* FikirEkleVC.swift */; };
		B4E07655295ED7DB00D957A0 /* Kategoriler.swift in Sources */ = {isa = PBXBuildFile; fileRef = B4E07654295ED7DB00D957A0 /* Kategoriler.swift */; };
		B4E07657295ED9E300D957A0 /* Sabitler.swift in Sources */ = {isa = PBXBuildFile; fileRef = B4E07656295ED9E300D957A0 /* Sabitler.swift */; };
		B4E07659295EFA2D00D957A0 /* Fikir.swift in Sources */ = {isa = PBXBuildFile; fileRef = B4E07658295EFA2D00D957A0 /* Fikir.swift */; };
		B4E0765B295EFBEE00D957A0 /* FikirCell.swift in Sources */ = {isa = PBXBuildFile; fileRef = B4E0765A295EFBEE00D957A0 /* FikirCell.swift */; };
		B4F2E1B929620333007E1601 /* GirisVC.swift in Sources */ = {isa = PBXBuildFile; fileRef = B4F2E1B829620333007E1601 /* GirisVC.swift */; };
		B4F2E1BB29620374007E1601 /* KayitOlVC.swift in Sources */ = {isa = PBXBuildFile; fileRef = B4F2E1BA29620374007E1601 /* KayitOlVC.swift */; };
/* End PBXBuildFile section */

/* Begin PBXFileReference section */
		52C75AFE29729CF100843982 /* YorumDuzenleVC.swift */ = {isa = PBXFileReference; lastKnownFileType = sourcecode.swift; path = YorumDuzenleVC.swift; sourceTree = "<group>"; };
		B42ADA3B296400F9009E064F /* YorumlarVC.swift */ = {isa = PBXFileReference; lastKnownFileType = sourcecode.swift; path = YorumlarVC.swift; sourceTree = "<group>"; };
		B42ADA3D29640D8C009E064F /* YorumCell.swift */ = {isa = PBXFileReference; lastKnownFileType = sourcecode.swift; path = YorumCell.swift; sourceTree = "<group>"; };
		B42ADA3F296452C4009E064F /* Yorum.swift */ = {isa = PBXFileReference; lastKnownFileType = sourcecode.swift; path = Yorum.swift; sourceTree = "<group>"; };
		B4343A8429599C7B0048CB3E /* Lets Talk About Everything.app */ = {isa = PBXFileReference; explicitFileType = wrapper.application; includeInIndex = 0; path = "Lets Talk About Everything.app"; sourceTree = BUILT_PRODUCTS_DIR; };
		B4343A8729599C7B0048CB3E /* AppDelegate.swift */ = {isa = PBXFileReference; lastKnownFileType = sourcecode.swift; path = AppDelegate.swift; sourceTree = "<group>"; };
		B4343A8929599C7B0048CB3E /* SceneDelegate.swift */ = {isa = PBXFileReference; lastKnownFileType = sourcecode.swift; path = SceneDelegate.swift; sourceTree = "<group>"; };
		B4343A8B29599C7B0048CB3E /* AnaVC.swift */ = {isa = PBXFileReference; lastKnownFileType = sourcecode.swift; path = AnaVC.swift; sourceTree = "<group>"; };
		B4343A8E29599C7B0048CB3E /* Base */ = {isa = PBXFileReference; lastKnownFileType = file.storyboard; name = Base; path = Base.lproj/Main.storyboard; sourceTree = "<group>"; };
		B4343A9029599C7D0048CB3E /* Assets.xcassets */ = {isa = PBXFileReference; lastKnownFileType = folder.assetcatalog; path = Assets.xcassets; sourceTree = "<group>"; };
		B4343A9329599C7D0048CB3E /* Base */ = {isa = PBXFileReference; lastKnownFileType = file.storyboard; name = Base; path = Base.lproj/LaunchScreen.storyboard; sourceTree = "<group>"; };
		B4343A9529599C7D0048CB3E /* Info.plist */ = {isa = PBXFileReference; lastKnownFileType = text.plist.xml; path = Info.plist; sourceTree = "<group>"; };
		B4343A9B29599D540048CB3E /* GoogleService-Info.plist */ = {isa = PBXFileReference; fileEncoding = 4; lastKnownFileType = text.plist.xml; path = "GoogleService-Info.plist"; sourceTree = "<group>"; };
		B4E07652295EC78A00D957A0 /* FikirEkleVC.swift */ = {isa = PBXFileReference; lastKnownFileType = sourcecode.swift; path = FikirEkleVC.swift; sourceTree = "<group>"; };
		B4E07654295ED7DB00D957A0 /* Kategoriler.swift */ = {isa = PBXFileReference; lastKnownFileType = sourcecode.swift; path = Kategoriler.swift; sourceTree = "<group>"; };
		B4E07656295ED9E300D957A0 /* Sabitler.swift */ = {isa = PBXFileReference; lastKnownFileType = sourcecode.swift; path = Sabitler.swift; sourceTree = "<group>"; };
		B4E07658295EFA2D00D957A0 /* Fikir.swift */ = {isa = PBXFileReference; lastKnownFileType = sourcecode.swift; path = Fikir.swift; sourceTree = "<group>"; };
		B4E0765A295EFBEE00D957A0 /* FikirCell.swift */ = {isa = PBXFileReference; lastKnownFileType = sourcecode.swift; path = FikirCell.swift; sourceTree = "<group>"; };
		B4F2E1B829620333007E1601 /* GirisVC.swift */ = {isa = PBXFileReference; lastKnownFileType = sourcecode.swift; path = GirisVC.swift; sourceTree = "<group>"; };
		B4F2E1BA29620374007E1601 /* KayitOlVC.swift */ = {isa = PBXFileReference; lastKnownFileType = sourcecode.swift; path = KayitOlVC.swift; sourceTree = "<group>"; };
/* End PBXFileReference section */

/* Begin PBXFrameworksBuildPhase section */
		B4343A8129599C7B0048CB3E /* Frameworks */ = {
			isa = PBXFrameworksBuildPhase;
			buildActionMask = 2147483647;
			files = (
				B4343AB32959B2580048CB3E /* FirebaseStorageCombine-Community in Frameworks */,
				B4343AA32959B2580048CB3E /* FirebaseAnalyticsSwift in Frameworks */,
				B4343AAD2959B2580048CB3E /* FirebaseFirestoreCombine-Community in Frameworks */,
				B4343AA92959B2580048CB3E /* FirebaseAuthCombine-Community in Frameworks */,
				B4343AB12959B2580048CB3E /* FirebaseStorage in Frameworks */,
				B4343AA72959B2580048CB3E /* FirebaseAuth in Frameworks */,
				B4343A9F2959B2580048CB3E /* FirebaseAnalytics in Frameworks */,
				B4343AA12959B2580048CB3E /* FirebaseAnalyticsOnDeviceConversion in Frameworks */,
				B4343AA52959B2580048CB3E /* FirebaseAnalyticsWithoutAdIdSupport in Frameworks */,
				B4343AAB2959B2580048CB3E /* FirebaseFirestore in Frameworks */,
				B4343AAF2959B2580048CB3E /* FirebaseFirestoreSwift in Frameworks */,
			);
			runOnlyForDeploymentPostprocessing = 0;
		};
/* End PBXFrameworksBuildPhase section */

/* Begin PBXGroup section */
		B4343A7B29599C7B0048CB3E = {
			isa = PBXGroup;
			children = (
				B4343A8629599C7B0048CB3E /* Lets Talk About Everything */,
				B4343A8529599C7B0048CB3E /* Products */,
			);
			sourceTree = "<group>";
		};
		B4343A8529599C7B0048CB3E /* Products */ = {
			isa = PBXGroup;
			children = (
				B4343A8429599C7B0048CB3E /* Lets Talk About Everything.app */,
			);
			name = Products;
			sourceTree = "<group>";
		};
		B4343A8629599C7B0048CB3E /* Lets Talk About Everything */ = {
			isa = PBXGroup;
			children = (
				B4343A8729599C7B0048CB3E /* AppDelegate.swift */,
				B4343A8929599C7B0048CB3E /* SceneDelegate.swift */,
				B4E07651295EC76A00D957A0 /* Wiew */,
				B4E07650295EC76000D957A0 /* Controller */,
				B4E0764F295EC75200D957A0 /* Model */,
				B4343A8D29599C7B0048CB3E /* Main.storyboard */,
				B4343A9029599C7D0048CB3E /* Assets.xcassets */,
				B4343A9229599C7D0048CB3E /* LaunchScreen.storyboard */,
				B4343A9529599C7D0048CB3E /* Info.plist */,
				B4343A9B29599D540048CB3E /* GoogleService-Info.plist */,
			);
			path = "Lets Talk About Everything";
			sourceTree = "<group>";
		};
		B4E0764F295EC75200D957A0 /* Model */ = {
			isa = PBXGroup;
			children = (
				B4E07654295ED7DB00D957A0 /* Kategoriler.swift */,
				B4E07656295ED9E300D957A0 /* Sabitler.swift */,
				B4E07658295EFA2D00D957A0 /* Fikir.swift */,
				B42ADA3F296452C4009E064F /* Yorum.swift */,
			);
			path = Model;
			sourceTree = "<group>";
		};
		B4E07650295EC76000D957A0 /* Controller */ = {
			isa = PBXGroup;
			children = (
				B4343A8B29599C7B0048CB3E /* AnaVC.swift */,
				B4E07652295EC78A00D957A0 /* FikirEkleVC.swift */,
				B4F2E1B829620333007E1601 /* GirisVC.swift */,
				B4F2E1BA29620374007E1601 /* KayitOlVC.swift */,
				B42ADA3B296400F9009E064F /* YorumlarVC.swift */,
				52C75AFE29729CF100843982 /* YorumDuzenleVC.swift */,
			);
			path = Controller;
			sourceTree = "<group>";
		};
		B4E07651295EC76A00D957A0 /* Wiew */ = {
			isa = PBXGroup;
			children = (
				B4E0765A295EFBEE00D957A0 /* FikirCell.swift */,
				B42ADA3D29640D8C009E064F /* YorumCell.swift */,
			);
			path = Wiew;
			sourceTree = "<group>";
		};
/* End PBXGroup section */

/* Begin PBXNativeTarget section */
		B4343A8329599C7B0048CB3E /* Lets Talk About Everything */ = {
			isa = PBXNativeTarget;
			buildConfigurationList = B4343A9829599C7D0048CB3E /* Build configuration list for PBXNativeTarget "Lets Talk About Everything" */;
			buildPhases = (
				B4343A8029599C7B0048CB3E /* Sources */,
				B4343A8129599C7B0048CB3E /* Frameworks */,
				B4343A8229599C7B0048CB3E /* Resources */,
			);
			buildRules = (
			);
			dependencies = (
			);
			name = "Lets Talk About Everything";
			packageProductDependencies = (
				B4343A9E2959B2580048CB3E /* FirebaseAnalytics */,
				B4343AA02959B2580048CB3E /* FirebaseAnalyticsOnDeviceConversion */,
				B4343AA22959B2580048CB3E /* FirebaseAnalyticsSwift */,
				B4343AA42959B2580048CB3E /* FirebaseAnalyticsWithoutAdIdSupport */,
				B4343AA62959B2580048CB3E /* FirebaseAuth */,
				B4343AA82959B2580048CB3E /* FirebaseAuthCombine-Community */,
				B4343AAA2959B2580048CB3E /* FirebaseFirestore */,
				B4343AAC2959B2580048CB3E /* FirebaseFirestoreCombine-Community */,
				B4343AAE2959B2580048CB3E /* FirebaseFirestoreSwift */,
				B4343AB02959B2580048CB3E /* FirebaseStorage */,
				B4343AB22959B2580048CB3E /* FirebaseStorageCombine-Community */,
			);
			productName = "Lets Talk About Everything";
			productReference = B4343A8429599C7B0048CB3E /* Lets Talk About Everything.app */;
			productType = "com.apple.product-type.application";
		};
/* End PBXNativeTarget section */

/* Begin PBXProject section */
		B4343A7C29599C7B0048CB3E /* Project object */ = {
			isa = PBXProject;
			attributes = {
				BuildIndependentTargetsInParallel = 1;
				LastSwiftUpdateCheck = 1420;
				LastUpgradeCheck = 1420;
				TargetAttributes = {
					B4343A8329599C7B0048CB3E = {
						CreatedOnToolsVersion = 14.2;
					};
				};
			};
			buildConfigurationList = B4343A7F29599C7B0048CB3E /* Build configuration list for PBXProject "Lets Talk About Everything" */;
			compatibilityVersion = "Xcode 14.0";
			developmentRegion = en;
			hasScannedForEncodings = 0;
			knownRegions = (
				en,
				Base,
			);
			mainGroup = B4343A7B29599C7B0048CB3E;
			packageReferences = (
				B4343A9D2959B2580048CB3E /* XCRemoteSwiftPackageReference "firebase-ios-sdk" */,
			);
			productRefGroup = B4343A8529599C7B0048CB3E /* Products */;
			projectDirPath = "";
			projectRoot = "";
			targets = (
				B4343A8329599C7B0048CB3E /* Lets Talk About Everything */,
			);
		};
/* End PBXProject section */

/* Begin PBXResourcesBuildPhase section */
		B4343A8229599C7B0048CB3E /* Resources */ = {
			isa = PBXResourcesBuildPhase;
			buildActionMask = 2147483647;
			files = (
				B4343A9429599C7D0048CB3E /* LaunchScreen.storyboard in Resources */,
				B4343A9C29599D540048CB3E /* GoogleService-Info.plist in Resources */,
				B4343A9129599C7D0048CB3E /* Assets.xcassets in Resources */,
				B4343A8F29599C7B0048CB3E /* Main.storyboard in Resources */,
			);
			runOnlyForDeploymentPostprocessing = 0;
		};
/* End PBXResourcesBuildPhase section */

/* Begin PBXSourcesBuildPhase section */
		B4343A8029599C7B0048CB3E /* Sources */ = {
			isa = PBXSourcesBuildPhase;
			buildActionMask = 2147483647;
			files = (
				B4F2E1B929620333007E1601 /* GirisVC.swift in Sources */,
				52C75AFF29729CF100843982 /* YorumDuzenleVC.swift in Sources */,
				B42ADA40296452C4009E064F /* Yorum.swift in Sources */,
				B4343A8C29599C7B0048CB3E /* AnaVC.swift in Sources */,
				B4E07657295ED9E300D957A0 /* Sabitler.swift in Sources */,
				B4E07659295EFA2D00D957A0 /* Fikir.swift in Sources */,
				B4E07655295ED7DB00D957A0 /* Kategoriler.swift in Sources */,
				B4343A8829599C7B0048CB3E /* AppDelegate.swift in Sources */,
				B4343A8A29599C7B0048CB3E /* SceneDelegate.swift in Sources */,
				B4E07653295EC78A00D957A0 /* FikirEkleVC.swift in Sources */,
				B4F2E1BB29620374007E1601 /* KayitOlVC.swift in Sources */,
				B42ADA3C296400F9009E064F /* YorumlarVC.swift in Sources */,
				B42ADA3E29640D8C009E064F /* YorumCell.swift in Sources */,
				B4E0765B295EFBEE00D957A0 /* FikirCell.swift in Sources */,
			);
			runOnlyForDeploymentPostprocessing = 0;
		};
/* End PBXSourcesBuildPhase section */

/* Begin PBXVariantGroup section */
		B4343A8D29599C7B0048CB3E /* Main.storyboard */ = {
			isa = PBXVariantGroup;
			children = (
				B4343A8E29599C7B0048CB3E /* Base */,
			);
			name = Main.storyboard;
			sourceTree = "<group>";
		};
		B4343A9229599C7D0048CB3E /* LaunchScreen.storyboard */ = {
			isa = PBXVariantGroup;
			children = (
				B4343A9329599C7D0048CB3E /* Base */,
			);
			name = LaunchScreen.storyboard;
			sourceTree = "<group>";
		};
/* End PBXVariantGroup section */

/* Begin XCBuildConfiguration section */
		B4343A9629599C7D0048CB3E /* Debug */ = {
			isa = XCBuildConfiguration;
			buildSettings = {
				ALWAYS_SEARCH_USER_PATHS = NO;
				CLANG_ANALYZER_NONNULL = YES;
				CLANG_ANALYZER_NUMBER_OBJECT_CONVERSION = YES_AGGRESSIVE;
				CLANG_CXX_LANGUAGE_STANDARD = "gnu++20";
				CLANG_ENABLE_MODULES = YES;
				CLANG_ENABLE_OBJC_ARC = YES;
				CLANG_ENABLE_OBJC_WEAK = YES;
				CLANG_WARN_BLOCK_CAPTURE_AUTORELEASING = YES;
				CLANG_WARN_BOOL_CONVERSION = YES;
				CLANG_WARN_COMMA = YES;
				CLANG_WARN_CONSTANT_CONVERSION = YES;
				CLANG_WARN_DEPRECATED_OBJC_IMPLEMENTATIONS = YES;
				CLANG_WARN_DIRECT_OBJC_ISA_USAGE = YES_ERROR;
				CLANG_WARN_DOCUMENTATION_COMMENTS = YES;
				CLANG_WARN_EMPTY_BODY = YES;
				CLANG_WARN_ENUM_CONVERSION = YES;
				CLANG_WARN_INFINITE_RECURSION = YES;
				CLANG_WARN_INT_CONVERSION = YES;
				CLANG_WARN_NON_LITERAL_NULL_CONVERSION = YES;
				CLANG_WARN_OBJC_IMPLICIT_RETAIN_SELF = YES;
				CLANG_WARN_OBJC_LITERAL_CONVERSION = YES;
				CLANG_WARN_OBJC_ROOT_CLASS = YES_ERROR;
				CLANG_WARN_QUOTED_INCLUDE_IN_FRAMEWORK_HEADER = YES;
				CLANG_WARN_RANGE_LOOP_ANALYSIS = YES;
				CLANG_WARN_STRICT_PROTOTYPES = YES;
				CLANG_WARN_SUSPICIOUS_MOVE = YES;
				CLANG_WARN_UNGUARDED_AVAILABILITY = YES_AGGRESSIVE;
				CLANG_WARN_UNREACHABLE_CODE = YES;
				CLANG_WARN__DUPLICATE_METHOD_MATCH = YES;
				COPY_PHASE_STRIP = NO;
				DEBUG_INFORMATION_FORMAT = dwarf;
				ENABLE_STRICT_OBJC_MSGSEND = YES;
				ENABLE_TESTABILITY = YES;
				GCC_C_LANGUAGE_STANDARD = gnu11;
				GCC_DYNAMIC_NO_PIC = NO;
				GCC_NO_COMMON_BLOCKS = YES;
				GCC_OPTIMIZATION_LEVEL = 0;
				GCC_PREPROCESSOR_DEFINITIONS = (
					"DEBUG=1",
					"$(inherited)",
				);
				GCC_WARN_64_TO_32_BIT_CONVERSION = YES;
				GCC_WARN_ABOUT_RETURN_TYPE = YES_ERROR;
				GCC_WARN_UNDECLARED_SELECTOR = YES;
				GCC_WARN_UNINITIALIZED_AUTOS = YES_AGGRESSIVE;
				GCC_WARN_UNUSED_FUNCTION = YES;
				GCC_WARN_UNUSED_VARIABLE = YES;
				IPHONEOS_DEPLOYMENT_TARGET = 16.2;
				MTL_ENABLE_DEBUG_INFO = INCLUDE_SOURCE;
				MTL_FAST_MATH = YES;
				ONLY_ACTIVE_ARCH = YES;
				SDKROOT = iphoneos;
				SWIFT_ACTIVE_COMPILATION_CONDITIONS = DEBUG;
				SWIFT_OPTIMIZATION_LEVEL = "-Onone";
			};
			name = Debug;
		};
		B4343A9729599C7D0048CB3E /* Release */ = {
			isa = XCBuildConfiguration;
			buildSettings = {
				ALWAYS_SEARCH_USER_PATHS = NO;
				CLANG_ANALYZER_NONNULL = YES;
				CLANG_ANALYZER_NUMBER_OBJECT_CONVERSION = YES_AGGRESSIVE;
				CLANG_CXX_LANGUAGE_STANDARD = "gnu++20";
				CLANG_ENABLE_MODULES = YES;
				CLANG_ENABLE_OBJC_ARC = YES;
				CLANG_ENABLE_OBJC_WEAK = YES;
				CLANG_WARN_BLOCK_CAPTURE_AUTORELEASING = YES;
				CLANG_WARN_BOOL_CONVERSION = YES;
				CLANG_WARN_COMMA = YES;
				CLANG_WARN_CONSTANT_CONVERSION = YES;
				CLANG_WARN_DEPRECATED_OBJC_IMPLEMENTATIONS = YES;
				CLANG_WARN_DIRECT_OBJC_ISA_USAGE = YES_ERROR;
				CLANG_WARN_DOCUMENTATION_COMMENTS = YES;
				CLANG_WARN_EMPTY_BODY = YES;
				CLANG_WARN_ENUM_CONVERSION = YES;
				CLANG_WARN_INFINITE_RECURSION = YES;
				CLANG_WARN_INT_CONVERSION = YES;
				CLANG_WARN_NON_LITERAL_NULL_CONVERSION = YES;
				CLANG_WARN_OBJC_IMPLICIT_RETAIN_SELF = YES;
				CLANG_WARN_OBJC_LITERAL_CONVERSION = YES;
				CLANG_WARN_OBJC_ROOT_CLASS = YES_ERROR;
				CLANG_WARN_QUOTED_INCLUDE_IN_FRAMEWORK_HEADER = YES;
				CLANG_WARN_RANGE_LOOP_ANALYSIS = YES;
				CLANG_WARN_STRICT_PROTOTYPES = YES;
				CLANG_WARN_SUSPICIOUS_MOVE = YES;
				CLANG_WARN_UNGUARDED_AVAILABILITY = YES_AGGRESSIVE;
				CLANG_WARN_UNREACHABLE_CODE = YES;
				CLANG_WARN__DUPLICATE_METHOD_MATCH = YES;
				COPY_PHASE_STRIP = NO;
				DEBUG_INFORMATION_FORMAT = "dwarf-with-dsym";
				ENABLE_NS_ASSERTIONS = NO;
				ENABLE_STRICT_OBJC_MSGSEND = YES;
				GCC_C_LANGUAGE_STANDARD = gnu11;
				GCC_NO_COMMON_BLOCKS = YES;
				GCC_WARN_64_TO_32_BIT_CONVERSION = YES;
				GCC_WARN_ABOUT_RETURN_TYPE = YES_ERROR;
				GCC_WARN_UNDECLARED_SELECTOR = YES;
				GCC_WARN_UNINITIALIZED_AUTOS = YES_AGGRESSIVE;
				GCC_WARN_UNUSED_FUNCTION = YES;
				GCC_WARN_UNUSED_VARIABLE = YES;
				IPHONEOS_DEPLOYMENT_TARGET = 16.2;
				MTL_ENABLE_DEBUG_INFO = NO;
				MTL_FAST_MATH = YES;
				SDKROOT = iphoneos;
				SWIFT_COMPILATION_MODE = wholemodule;
				SWIFT_OPTIMIZATION_LEVEL = "-O";
				VALIDATE_PRODUCT = YES;
			};
			name = Release;
		};
		B4343A9929599C7D0048CB3E /* Debug */ = {
			isa = XCBuildConfiguration;
			buildSettings = {
				ASSETCATALOG_COMPILER_APPICON_NAME = AppIcon;
				ASSETCATALOG_COMPILER_GLOBAL_ACCENT_COLOR_NAME = AccentColor;
				CODE_SIGN_STYLE = Automatic;
				CURRENT_PROJECT_VERSION = 1;
				DEVELOPMENT_TEAM = PM25M3S5KY;
				GENERATE_INFOPLIST_FILE = YES;
				INFOPLIST_FILE = "Lets Talk About Everything/Info.plist";
				INFOPLIST_KEY_UIApplicationSupportsIndirectInputEvents = YES;
				INFOPLIST_KEY_UILaunchStoryboardName = LaunchScreen;
				INFOPLIST_KEY_UIMainStoryboardFile = Main;
				INFOPLIST_KEY_UISupportedInterfaceOrientations = UIInterfaceOrientationPortrait;
				INFOPLIST_KEY_UISupportedInterfaceOrientations_iPad = "UIInterfaceOrientationLandscapeLeft UIInterfaceOrientationLandscapeRight UIInterfaceOrientationPortrait UIInterfaceOrientationPortraitUpsideDown";
				LD_RUNPATH_SEARCH_PATHS = (
					"$(inherited)",
					"@executable_path/Frameworks",
				);
				MARKETING_VERSION = 1.0;
				PRODUCT_BUNDLE_IDENTIFIER = "aytac.Lets-Talk-About-Everything";
				PRODUCT_NAME = "$(TARGET_NAME)";
				SWIFT_EMIT_LOC_STRINGS = YES;
				SWIFT_VERSION = 5.0;
				TARGETED_DEVICE_FAMILY = "1,2";
			};
			name = Debug;
		};
		B4343A9A29599C7D0048CB3E /* Release */ = {
			isa = XCBuildConfiguration;
			buildSettings = {
				ASSETCATALOG_COMPILER_APPICON_NAME = AppIcon;
				ASSETCATALOG_COMPILER_GLOBAL_ACCENT_COLOR_NAME = AccentColor;
				CODE_SIGN_STYLE = Automatic;
				CURRENT_PROJECT_VERSION = 1;
				DEVELOPMENT_TEAM = PM25M3S5KY;
				GENERATE_INFOPLIST_FILE = YES;
				INFOPLIST_FILE = "Lets Talk About Everything/Info.plist";
				INFOPLIST_KEY_UIApplicationSupportsIndirectInputEvents = YES;
				INFOPLIST_KEY_UILaunchStoryboardName = LaunchScreen;
				INFOPLIST_KEY_UIMainStoryboardFile = Main;
				INFOPLIST_KEY_UISupportedInterfaceOrientations = UIInterfaceOrientationPortrait;
				INFOPLIST_KEY_UISupportedInterfaceOrientations_iPad = "UIInterfaceOrientationLandscapeLeft UIInterfaceOrientationLandscapeRight UIInterfaceOrientationPortrait UIInterfaceOrientationPortraitUpsideDown";
				LD_RUNPATH_SEARCH_PATHS = (
					"$(inherited)",
					"@executable_path/Frameworks",
				);
				MARKETING_VERSION = 1.0;
				PRODUCT_BUNDLE_IDENTIFIER = "aytac.Lets-Talk-About-Everything";
				PRODUCT_NAME = "$(TARGET_NAME)";
				SWIFT_EMIT_LOC_STRINGS = YES;
				SWIFT_VERSION = 5.0;
				TARGETED_DEVICE_FAMILY = "1,2";
			};
			name = Release;
		};
/* End XCBuildConfiguration section */

/* Begin XCConfigurationList section */
		B4343A7F29599C7B0048CB3E /* Build configuration list for PBXProject "Lets Talk About Everything" */ = {
			isa = XCConfigurationList;
			buildConfigurations = (
				B4343A9629599C7D0048CB3E /* Debug */,
				B4343A9729599C7D0048CB3E /* Release */,
			);
			defaultConfigurationIsVisible = 0;
			defaultConfigurationName = Release;
		};
		B4343A9829599C7D0048CB3E /* Build configuration list for PBXNativeTarget "Lets Talk About Everything" */ = {
			isa = XCConfigurationList;
			buildConfigurations = (
				B4343A9929599C7D0048CB3E /* Debug */,
				B4343A9A29599C7D0048CB3E /* Release */,
			);
			defaultConfigurationIsVisible = 0;
			defaultConfigurationName = Release;
		};
/* End XCConfigurationList section */

/* Begin XCRemoteSwiftPackageReference section */
		B4343A9D2959B2580048CB3E /* XCRemoteSwiftPackageReference "firebase-ios-sdk" */ = {
			isa = XCRemoteSwiftPackageReference;
			repositoryURL = "https://github.com/firebase/firebase-ios-sdk";
			requirement = {
				kind = upToNextMajorVersion;
				minimumVersion = 9.0.0;
			};
		};
/* End XCRemoteSwiftPackageReference section */

/* Begin XCSwiftPackageProductDependency section */
		B4343A9E2959B2580048CB3E /* FirebaseAnalytics */ = {
			isa = XCSwiftPackageProductDependency;
			package = B4343A9D2959B2580048CB3E /* XCRemoteSwiftPackageReference "firebase-ios-sdk" */;
			productName = FirebaseAnalytics;
		};
		B4343AA02959B2580048CB3E /* FirebaseAnalyticsOnDeviceConversion */ = {
			isa = XCSwiftPackageProductDependency;
			package = B4343A9D2959B2580048CB3E /* XCRemoteSwiftPackageReference "firebase-ios-sdk" */;
			productName = FirebaseAnalyticsOnDeviceConversion;
		};
		B4343AA22959B2580048CB3E /* FirebaseAnalyticsSwift */ = {
			isa = XCSwiftPackageProductDependency;
			package = B4343A9D2959B2580048CB3E /* XCRemoteSwiftPackageReference "firebase-ios-sdk" */;
			productName = FirebaseAnalyticsSwift;
		};
		B4343AA42959B2580048CB3E /* FirebaseAnalyticsWithoutAdIdSupport */ = {
			isa = XCSwiftPackageProductDependency;
			package = B4343A9D2959B2580048CB3E /* XCRemoteSwiftPackageReference "firebase-ios-sdk" */;
			productName = FirebaseAnalyticsWithoutAdIdSupport;
		};
		B4343AA62959B2580048CB3E /* FirebaseAuth */ = {
			isa = XCSwiftPackageProductDependency;
			package = B4343A9D2959B2580048CB3E /* XCRemoteSwiftPackageReference "firebase-ios-sdk" */;
			productName = FirebaseAuth;
		};
		B4343AA82959B2580048CB3E /* FirebaseAuthCombine-Community */ = {
			isa = XCSwiftPackageProductDependency;
			package = B4343A9D2959B2580048CB3E /* XCRemoteSwiftPackageReference "firebase-ios-sdk" */;
			productName = "FirebaseAuthCombine-Community";
		};
		B4343AAA2959B2580048CB3E /* FirebaseFirestore */ = {
			isa = XCSwiftPackageProductDependency;
			package = B4343A9D2959B2580048CB3E /* XCRemoteSwiftPackageReference "firebase-ios-sdk" */;
			productName = FirebaseFirestore;
		};
		B4343AAC2959B2580048CB3E /* FirebaseFirestoreCombine-Community */ = {
			isa = XCSwiftPackageProductDependency;
			package = B4343A9D2959B2580048CB3E /* XCRemoteSwiftPackageReference "firebase-ios-sdk" */;
			productName = "FirebaseFirestoreCombine-Community";
		};
		B4343AAE2959B2580048CB3E /* FirebaseFirestoreSwift */ = {
			isa = XCSwiftPackageProductDependency;
			package = B4343A9D2959B2580048CB3E /* XCRemoteSwiftPackageReference "firebase-ios-sdk" */;
			productName = FirebaseFirestoreSwift;
		};
		B4343AB02959B2580048CB3E /* FirebaseStorage */ = {
			isa = XCSwiftPackageProductDependency;
			package = B4343A9D2959B2580048CB3E /* XCRemoteSwiftPackageReference "firebase-ios-sdk" */;
			productName = FirebaseStorage;
		};
		B4343AB22959B2580048CB3E /* FirebaseStorageCombine-Community */ = {
			isa = XCSwiftPackageProductDependency;
			package = B4343A9D2959B2580048CB3E /* XCRemoteSwiftPackageReference "firebase-ios-sdk" */;
			productName = "FirebaseStorageCombine-Community";
		};
/* End XCSwiftPackageProductDependency section */
	};
	rootObject = B4343A7C29599C7B0048CB3E /* Project object */;
}
